
Microsoft Visual Studio Solution File, Format Version 12.00
# Visual Studio Version 17
VisualStudioVersion = 17.8.34408.163
MinimumVisualStudioVersion = 10.0.40219.1
Project("{FAE04EC0-301F-11D3-BF4B-00C04F79EFBC}") = "Mission11_Tobler", "Mission11_Tobler\Mission11_Tobler.csproj", "{AE17E90F-EFE1-444A-A8D7-C22F6F02F64D}"
EndProject
Global
	GlobalSection(SolutionConfigurationPlatforms) = preSolution
		Debug|Any CPU = Debug|Any CPU
		Release|Any CPU = Release|Any CPU
	EndGlobalSection
	GlobalSection(ProjectConfigurationPlatforms) = postSolution
		{AE17E90F-EFE1-444A-A8D7-C22F6F02F64D}.Debug|Any CPU.ActiveCfg = Debug|Any CPU
		{AE17E90F-EFE1-444A-A8D7-C22F6F02F64D}.Debug|Any CPU.Build.0 = Debug|Any CPU
		{AE17E90F-EFE1-444A-A8D7-C22F6F02F64D}.Release|Any CPU.ActiveCfg = Release|Any CPU
		{AE17E90F-EFE1-444A-A8D7-C22F6F02F64D}.Release|Any CPU.Build.0 = Release|Any CPU
	EndGlobalSection
	GlobalSection(SolutionProperties) = preSolution
		HideSolutionNode = FALSE
	EndGlobalSection
	GlobalSection(ExtensibilityGlobals) = postSolution
		SolutionGuid = {E4E64694-4445-4BB7-B2F1-73228E027401}
	EndGlobalSection
EndGlobal
